
Microsoft Visual Studio Solution File, Format Version 12.00
# Visual Studio Version 16
VisualStudioVersion = 16.0.31729.503
MinimumVisualStudioVersion = 10.0.40219.1
Project("{9A19103F-16F7-4668-BE54-9A1E7A4F7556}") = "Homework", "Homework\Homework.csproj", "{84257897-E751-430C-B73D-B7D69C4147A3}"
EndProject
Project("{9A19103F-16F7-4668-BE54-9A1E7A4F7556}") = "Homework.Test", "Homework.Test\Homework.Test.csproj", "{969F486B-695B-4548-93EB-70DD568357E8}"
EndProject
Project("{FAE04EC0-301F-11D3-BF4B-00C04F79EFBC}") = "Homework.Lists", "Homework.Lists\Homework.Lists.csproj", "{5DE705A0-577D-4395-81DF-4BA5E5A9E5B7}"
EndProject
Project("{FAE04EC0-301F-11D3-BF4B-00C04F79EFBC}") = "ConsoleArrayList", "ConsoleArrayList\ConsoleArrayList.csproj", "{BDD4DF2B-CACC-4FEF-9C04-05981974946B}"
EndProject
Global
	GlobalSection(SolutionConfigurationPlatforms) = preSolution
		Debug|Any CPU = Debug|Any CPU
		Release|Any CPU = Release|Any CPU
	EndGlobalSection
	GlobalSection(ProjectConfigurationPlatforms) = postSolution
		{84257897-E751-430C-B73D-B7D69C4147A3}.Debug|Any CPU.ActiveCfg = Debug|Any CPU
		{84257897-E751-430C-B73D-B7D69C4147A3}.Debug|Any CPU.Build.0 = Debug|Any CPU
		{84257897-E751-430C-B73D-B7D69C4147A3}.Release|Any CPU.ActiveCfg = Release|Any CPU
		{84257897-E751-430C-B73D-B7D69C4147A3}.Release|Any CPU.Build.0 = Release|Any CPU
		{969F486B-695B-4548-93EB-70DD568357E8}.Debug|Any CPU.ActiveCfg = Debug|Any CPU
		{969F486B-695B-4548-93EB-70DD568357E8}.Debug|Any CPU.Build.0 = Debug|Any CPU
		{969F486B-695B-4548-93EB-70DD568357E8}.Release|Any CPU.ActiveCfg = Release|Any CPU
		{969F486B-695B-4548-93EB-70DD568357E8}.Release|Any CPU.Build.0 = Release|Any CPU
		{5DE705A0-577D-4395-81DF-4BA5E5A9E5B7}.Debug|Any CPU.ActiveCfg = Debug|Any CPU
		{5DE705A0-577D-4395-81DF-4BA5E5A9E5B7}.Debug|Any CPU.Build.0 = Debug|Any CPU
		{5DE705A0-577D-4395-81DF-4BA5E5A9E5B7}.Release|Any CPU.ActiveCfg = Release|Any CPU
		{5DE705A0-577D-4395-81DF-4BA5E5A9E5B7}.Release|Any CPU.Build.0 = Release|Any CPU
		{BDD4DF2B-CACC-4FEF-9C04-05981974946B}.Debug|Any CPU.ActiveCfg = Debug|Any CPU
		{BDD4DF2B-CACC-4FEF-9C04-05981974946B}.Debug|Any CPU.Build.0 = Debug|Any CPU
		{BDD4DF2B-CACC-4FEF-9C04-05981974946B}.Release|Any CPU.ActiveCfg = Release|Any CPU
		{BDD4DF2B-CACC-4FEF-9C04-05981974946B}.Release|Any CPU.Build.0 = Release|Any CPU
	EndGlobalSection
	GlobalSection(SolutionProperties) = preSolution
		HideSolutionNode = FALSE
	EndGlobalSection
	GlobalSection(ExtensibilityGlobals) = postSolution
		SolutionGuid = {B84D6E32-A52F-460E-BBB2-935739B7D0A1}
	EndGlobalSection
EndGlobal
